// !$*UTF8*$!
{
	archiveVersion = 1;
	classes = {
	};
	objectVersion = 46;
	objects = {

/* Begin PBXBuildFile section */
		6686EED41A1ACC24007A2C7D /* LogInViewController.m in Sources */ = {isa = PBXBuildFile; fileRef = 6686EED31A1ACC24007A2C7D /* LogInViewController.m */; };
		66D0E5CE1A1AD77D008ECE59 /* libsqlite3.0.dylib in Frameworks */ = {isa = PBXBuildFile; fileRef = 66D0E5CD1A1AD77D008ECE59 /* libsqlite3.0.dylib */; };
		66D0E5D01A1AD788008ECE59 /* Accounts.framework in Frameworks */ = {isa = PBXBuildFile; fileRef = 66D0E5CF1A1AD788008ECE59 /* Accounts.framework */; };
		66D0E5D21A1AD790008ECE59 /* AdSupport.framework in Frameworks */ = {isa = PBXBuildFile; fileRef = 66D0E5D11A1AD790008ECE59 /* AdSupport.framework */; };
		66D0E5D41A1AD796008ECE59 /* Social.framework in Frameworks */ = {isa = PBXBuildFile; fileRef = 66D0E5D31A1AD796008ECE59 /* Social.framework */; };
		6C26E4E919EB058F002F627D /* main.m in Sources */ = {isa = PBXBuildFile; fileRef = 6C26E4E819EB058F002F627D /* main.m */; };
		6C26E4EC19EB058F002F627D /* AppDelegate.m in Sources */ = {isa = PBXBuildFile; fileRef = 6C26E4EB19EB058F002F627D /* AppDelegate.m */; };
		6C26E4EF19EB058F002F627D /* FirstViewController.m in Sources */ = {isa = PBXBuildFile; fileRef = 6C26E4EE19EB058F002F627D /* FirstViewController.m */; };
		6C26E4F219EB058F002F627D /* SecondViewController.m in Sources */ = {isa = PBXBuildFile; fileRef = 6C26E4F119EB058F002F627D /* SecondViewController.m */; };
		6C26E4F519EB058F002F627D /* Main.storyboard in Resources */ = {isa = PBXBuildFile; fileRef = 6C26E4F319EB058F002F627D /* Main.storyboard */; };
		6C26E4F719EB058F002F627D /* Images.xcassets in Resources */ = {isa = PBXBuildFile; fileRef = 6C26E4F619EB058F002F627D /* Images.xcassets */; };
		6C26E4FA19EB058F002F627D /* LaunchScreen.xib in Resources */ = {isa = PBXBuildFile; fileRef = 6C26E4F819EB058F002F627D /* LaunchScreen.xib */; };
		6C26E50619EB058F002F627D /* Aerial_FlightplaningTests.m in Sources */ = {isa = PBXBuildFile; fileRef = 6C26E50519EB058F002F627D /* Aerial_FlightplaningTests.m */; };
		6C3320751A2C9C9A00E1C0FB /* Lunch.png in Resources */ = {isa = PBXBuildFile; fileRef = 6C3320741A2C9C9A00E1C0FB /* Lunch.png */; };
		6C6450B319F5178C002D67EE /* ThirdViewController.m in Sources */ = {isa = PBXBuildFile; fileRef = 6C6450B219F5178C002D67EE /* ThirdViewController.m */; };
		6C7206521A1A240600EF8FE5 /* HU300.m in Sources */ = {isa = PBXBuildFile; fileRef = 6C7206511A1A240600EF8FE5 /* HU300.m */; };
		6C867AB919FE726F00315F83 /* WeightandBalance.m in Sources */ = {isa = PBXBuildFile; fileRef = 6C867AB819FE726F00315F83 /* WeightandBalance.m */; };
		6C867ABE19FE734400315F83 /* Bolts.framework in Frameworks */ = {isa = PBXBuildFile; fileRef = 6C867ABB19FE734400315F83 /* Bolts.framework */; };
		6C867ABF19FE734400315F83 /* Parse.framework in Frameworks */ = {isa = PBXBuildFile; fileRef = 6C867ABC19FE734400315F83 /* Parse.framework */; };
		6C867AC019FE734400315F83 /* ParseFacebookUtils.framework in Frameworks */ = {isa = PBXBuildFile; fileRef = 6C867ABD19FE734400315F83 /* ParseFacebookUtils.framework */; };
		6C867AC219FE73CF00315F83 /* AudioToolbox.framework in Frameworks */ = {isa = PBXBuildFile; fileRef = 6C867AC119FE73CF00315F83 /* AudioToolbox.framework */; };
		6C867AC419FE73DB00315F83 /* CFNetwork.framework in Frameworks */ = {isa = PBXBuildFile; fileRef = 6C867AC319FE73DB00315F83 /* CFNetwork.framework */; };
		6C867AC619FE73E300315F83 /* CoreGraphics.framework in Frameworks */ = {isa = PBXBuildFile; fileRef = 6C867AC519FE73E300315F83 /* CoreGraphics.framework */; };
		6C867AC819FE73ED00315F83 /* CoreLocation.framework in Frameworks */ = {isa = PBXBuildFile; fileRef = 6C867AC719FE73ED00315F83 /* CoreLocation.framework */; };
		6C867ACA19FE73FE00315F83 /* libz.dylib in Frameworks */ = {isa = PBXBuildFile; fileRef = 6C867AC919FE73FE00315F83 /* libz.dylib */; };
		6C867ACC19FE740600315F83 /* MobileCoreServices.framework in Frameworks */ = {isa = PBXBuildFile; fileRef = 6C867ACB19FE740600315F83 /* MobileCoreServices.framework */; };
		6C867ACE19FE741000315F83 /* QuartzCore.framework in Frameworks */ = {isa = PBXBuildFile; fileRef = 6C867ACD19FE741000315F83 /* QuartzCore.framework */; };
		6C867AD019FE741800315F83 /* Security.framework in Frameworks */ = {isa = PBXBuildFile; fileRef = 6C867ACF19FE741800315F83 /* Security.framework */; };
		6C867AD219FE742000315F83 /* StoreKit.framework in Frameworks */ = {isa = PBXBuildFile; fileRef = 6C867AD119FE742000315F83 /* StoreKit.framework */; };
		6C867AD419FE742A00315F83 /* SystemConfiguration.framework in Frameworks */ = {isa = PBXBuildFile; fileRef = 6C867AD319FE742A00315F83 /* SystemConfiguration.framework */; };
		6C867ADB19FE809400315F83 /* GlobalState.m in Sources */ = {isa = PBXBuildFile; fileRef = 6C867ADA19FE809400315F83 /* GlobalState.m */; };
/* End PBXBuildFile section */

/* Begin PBXContainerItemProxy section */
		6C26E50019EB058F002F627D /* PBXContainerItemProxy */ = {
			isa = PBXContainerItemProxy;
			containerPortal = 6C26E4DB19EB058F002F627D /* Project object */;
			proxyType = 1;
			remoteGlobalIDString = 6C26E4E219EB058F002F627D;
			remoteInfo = "Aerial-Flightplaning";
		};
/* End PBXContainerItemProxy section */

/* Begin PBXFileReference section */
		6686EED21A1ACC23007A2C7D /* LogInViewController.h */ = {isa = PBXFileReference; fileEncoding = 4; lastKnownFileType = sourcecode.c.h; path = LogInViewController.h; sourceTree = "<group>"; };
		6686EED31A1ACC24007A2C7D /* LogInViewController.m */ = {isa = PBXFileReference; fileEncoding = 4; lastKnownFileType = sourcecode.c.objc; path = LogInViewController.m; sourceTree = "<group>"; };
		66D0E5CD1A1AD77D008ECE59 /* libsqlite3.0.dylib */ = {isa = PBXFileReference; lastKnownFileType = "compiled.mach-o.dylib"; name = libsqlite3.0.dylib; path = usr/lib/libsqlite3.0.dylib; sourceTree = SDKROOT; };
		66D0E5CF1A1AD788008ECE59 /* Accounts.framework */ = {isa = PBXFileReference; lastKnownFileType = wrapper.framework; name = Accounts.framework; path = System/Library/Frameworks/Accounts.framework; sourceTree = SDKROOT; };
		66D0E5D11A1AD790008ECE59 /* AdSupport.framework */ = {isa = PBXFileReference; lastKnownFileType = wrapper.framework; name = AdSupport.framework; path = System/Library/Frameworks/AdSupport.framework; sourceTree = SDKROOT; };
		66D0E5D31A1AD796008ECE59 /* Social.framework */ = {isa = PBXFileReference; lastKnownFileType = wrapper.framework; name = Social.framework; path = System/Library/Frameworks/Social.framework; sourceTree = SDKROOT; };
		6C26E4E319EB058F002F627D /* Aerial-Flightplaning.app */ = {isa = PBXFileReference; explicitFileType = wrapper.application; includeInIndex = 0; path = "Aerial-Flightplaning.app"; sourceTree = BUILT_PRODUCTS_DIR; };
		6C26E4E719EB058F002F627D /* Info.plist */ = {isa = PBXFileReference; lastKnownFileType = text.plist.xml; path = Info.plist; sourceTree = "<group>"; };
		6C26E4E819EB058F002F627D /* main.m */ = {isa = PBXFileReference; lastKnownFileType = sourcecode.c.objc; path = main.m; sourceTree = "<group>"; };
		6C26E4EA19EB058F002F627D /* AppDelegate.h */ = {isa = PBXFileReference; lastKnownFileType = sourcecode.c.h; path = AppDelegate.h; sourceTree = "<group>"; };
		6C26E4EB19EB058F002F627D /* AppDelegate.m */ = {isa = PBXFileReference; lastKnownFileType = sourcecode.c.objc; path = AppDelegate.m; sourceTree = "<group>"; };
		6C26E4ED19EB058F002F627D /* FirstViewController.h */ = {isa = PBXFileReference; lastKnownFileType = sourcecode.c.h; path = FirstViewController.h; sourceTree = "<group>"; };
		6C26E4EE19EB058F002F627D /* FirstViewController.m */ = {isa = PBXFileReference; lastKnownFileType = sourcecode.c.objc; path = FirstViewController.m; sourceTree = "<group>"; };
		6C26E4F019EB058F002F627D /* SecondViewController.h */ = {isa = PBXFileReference; lastKnownFileType = sourcecode.c.h; path = SecondViewController.h; sourceTree = "<group>"; };
		6C26E4F119EB058F002F627D /* SecondViewController.m */ = {isa = PBXFileReference; lastKnownFileType = sourcecode.c.objc; path = SecondViewController.m; sourceTree = "<group>"; };
		6C26E4F419EB058F002F627D /* Base */ = {isa = PBXFileReference; lastKnownFileType = file.storyboard; name = Base; path = Base.lproj/Main.storyboard; sourceTree = "<group>"; };
		6C26E4F619EB058F002F627D /* Images.xcassets */ = {isa = PBXFileReference; lastKnownFileType = folder.assetcatalog; path = Images.xcassets; sourceTree = "<group>"; };
		6C26E4F919EB058F002F627D /* Base */ = {isa = PBXFileReference; lastKnownFileType = file.xib; name = Base; path = Base.lproj/LaunchScreen.xib; sourceTree = "<group>"; };
		6C26E4FF19EB058F002F627D /* Aerial-FlightplaningTests.xctest */ = {isa = PBXFileReference; explicitFileType = wrapper.cfbundle; includeInIndex = 0; path = "Aerial-FlightplaningTests.xctest"; sourceTree = BUILT_PRODUCTS_DIR; };
		6C26E50419EB058F002F627D /* Info.plist */ = {isa = PBXFileReference; lastKnownFileType = text.plist.xml; path = Info.plist; sourceTree = "<group>"; };
		6C26E50519EB058F002F627D /* Aerial_FlightplaningTests.m */ = {isa = PBXFileReference; lastKnownFileType = sourcecode.c.objc; path = Aerial_FlightplaningTests.m; sourceTree = "<group>"; };
		6C3320741A2C9C9A00E1C0FB /* Lunch.png */ = {isa = PBXFileReference; lastKnownFileType = image.png; path = Lunch.png; sourceTree = "<group>"; };
		6C6450B119F5178C002D67EE /* ThirdViewController.h */ = {isa = PBXFileReference; fileEncoding = 4; lastKnownFileType = sourcecode.c.h; path = ThirdViewController.h; sourceTree = "<group>"; };
		6C6450B219F5178C002D67EE /* ThirdViewController.m */ = {isa = PBXFileReference; fileEncoding = 4; lastKnownFileType = sourcecode.c.objc; path = ThirdViewController.m; sourceTree = "<group>"; };
		6C7206501A1A240600EF8FE5 /* HU300.h */ = {isa = PBXFileReference; fileEncoding = 4; lastKnownFileType = sourcecode.c.h; path = HU300.h; sourceTree = "<group>"; };
		6C7206511A1A240600EF8FE5 /* HU300.m */ = {isa = PBXFileReference; fileEncoding = 4; lastKnownFileType = sourcecode.c.objc; path = HU300.m; sourceTree = "<group>"; };
		6C867AB719FE726F00315F83 /* WeightandBalance.h */ = {isa = PBXFileReference; fileEncoding = 4; lastKnownFileType = sourcecode.c.h; path = WeightandBalance.h; sourceTree = "<group>"; };
		6C867AB819FE726F00315F83 /* WeightandBalance.m */ = {isa = PBXFileReference; fileEncoding = 4; lastKnownFileType = sourcecode.c.objc; path = WeightandBalance.m; sourceTree = "<group>"; };
		6C867ABB19FE734400315F83 /* Bolts.framework */ = {isa = PBXFileReference; lastKnownFileType = wrapper.framework; path = Bolts.framework; sourceTree = "<group>"; };
		6C867ABC19FE734400315F83 /* Parse.framework */ = {isa = PBXFileReference; lastKnownFileType = wrapper.framework; path = Parse.framework; sourceTree = "<group>"; };
		6C867ABD19FE734400315F83 /* ParseFacebookUtils.framework */ = {isa = PBXFileReference; lastKnownFileType = wrapper.framework; path = ParseFacebookUtils.framework; sourceTree = "<group>"; };
		6C867AC119FE73CF00315F83 /* AudioToolbox.framework */ = {isa = PBXFileReference; lastKnownFileType = wrapper.framework; name = AudioToolbox.framework; path = System/Library/Frameworks/AudioToolbox.framework; sourceTree = SDKROOT; };
		6C867AC319FE73DB00315F83 /* CFNetwork.framework */ = {isa = PBXFileReference; lastKnownFileType = wrapper.framework; name = CFNetwork.framework; path = System/Library/Frameworks/CFNetwork.framework; sourceTree = SDKROOT; };
		6C867AC519FE73E300315F83 /* CoreGraphics.framework */ = {isa = PBXFileReference; lastKnownFileType = wrapper.framework; name = CoreGraphics.framework; path = System/Library/Frameworks/CoreGraphics.framework; sourceTree = SDKROOT; };
		6C867AC719FE73ED00315F83 /* CoreLocation.framework */ = {isa = PBXFileReference; lastKnownFileType = wrapper.framework; name = CoreLocation.framework; path = System/Library/Frameworks/CoreLocation.framework; sourceTree = SDKROOT; };
		6C867AC919FE73FE00315F83 /* libz.dylib */ = {isa = PBXFileReference; lastKnownFileType = "compiled.mach-o.dylib"; name = libz.dylib; path = usr/lib/libz.dylib; sourceTree = SDKROOT; };
		6C867ACB19FE740600315F83 /* MobileCoreServices.framework */ = {isa = PBXFileReference; lastKnownFileType = wrapper.framework; name = MobileCoreServices.framework; path = System/Library/Frameworks/MobileCoreServices.framework; sourceTree = SDKROOT; };
		6C867ACD19FE741000315F83 /* QuartzCore.framework */ = {isa = PBXFileReference; lastKnownFileType = wrapper.framework; name = QuartzCore.framework; path = System/Library/Frameworks/QuartzCore.framework; sourceTree = SDKROOT; };
		6C867ACF19FE741800315F83 /* Security.framework */ = {isa = PBXFileReference; lastKnownFileType = wrapper.framework; name = Security.framework; path = System/Library/Frameworks/Security.framework; sourceTree = SDKROOT; };
		6C867AD119FE742000315F83 /* StoreKit.framework */ = {isa = PBXFileReference; lastKnownFileType = wrapper.framework; name = StoreKit.framework; path = System/Library/Frameworks/StoreKit.framework; sourceTree = SDKROOT; };
		6C867AD319FE742A00315F83 /* SystemConfiguration.framework */ = {isa = PBXFileReference; lastKnownFileType = wrapper.framework; name = SystemConfiguration.framework; path = System/Library/Frameworks/SystemConfiguration.framework; sourceTree = SDKROOT; };
		6C867AD919FE809400315F83 /* GlobalState.h */ = {isa = PBXFileReference; fileEncoding = 4; lastKnownFileType = sourcecode.c.h; path = GlobalState.h; sourceTree = "<group>"; };
		6C867ADA19FE809400315F83 /* GlobalState.m */ = {isa = PBXFileReference; fileEncoding = 4; lastKnownFileType = sourcecode.c.objc; path = GlobalState.m; sourceTree = "<group>"; };
/* End PBXFileReference section */

/* Begin PBXFrameworksBuildPhase section */
		6C26E4E019EB058F002F627D /* Frameworks */ = {
			isa = PBXFrameworksBuildPhase;
			buildActionMask = 2147483647;
			files = (
				66D0E5D41A1AD796008ECE59 /* Social.framework in Frameworks */,
				66D0E5D21A1AD790008ECE59 /* AdSupport.framework in Frameworks */,
				66D0E5D01A1AD788008ECE59 /* Accounts.framework in Frameworks */,
				66D0E5CE1A1AD77D008ECE59 /* libsqlite3.0.dylib in Frameworks */,
				6C867AD419FE742A00315F83 /* SystemConfiguration.framework in Frameworks */,
				6C867AD219FE742000315F83 /* StoreKit.framework in Frameworks */,
				6C867AD019FE741800315F83 /* Security.framework in Frameworks */,
				6C867ACE19FE741000315F83 /* QuartzCore.framework in Frameworks */,
				6C867ACC19FE740600315F83 /* MobileCoreServices.framework in Frameworks */,
				6C867ACA19FE73FE00315F83 /* libz.dylib in Frameworks */,
				6C867AC819FE73ED00315F83 /* CoreLocation.framework in Frameworks */,
				6C867AC619FE73E300315F83 /* CoreGraphics.framework in Frameworks */,
				6C867AC419FE73DB00315F83 /* CFNetwork.framework in Frameworks */,
				6C867AC219FE73CF00315F83 /* AudioToolbox.framework in Frameworks */,
				6C867ABF19FE734400315F83 /* Parse.framework in Frameworks */,
				6C867ABE19FE734400315F83 /* Bolts.framework in Frameworks */,
				6C867AC019FE734400315F83 /* ParseFacebookUtils.framework in Frameworks */,
			);
			runOnlyForDeploymentPostprocessing = 0;
		};
		6C26E4FC19EB058F002F627D /* Frameworks */ = {
			isa = PBXFrameworksBuildPhase;
			buildActionMask = 2147483647;
			files = (
			);
			runOnlyForDeploymentPostprocessing = 0;
		};
/* End PBXFrameworksBuildPhase section */

/* Begin PBXGroup section */
		6C26E4DA19EB058F002F627D = {
			isa = PBXGroup;
			children = (
				66D0E5CD1A1AD77D008ECE59 /* libsqlite3.0.dylib */,
				6C3320731A2C9C8B00E1C0FB /* Images */,
				6C26E4E519EB058F002F627D /* Aerial-Flightplaning */,
				6C26E50219EB058F002F627D /* Aerial-FlightplaningTests */,
				6C26E4E419EB058F002F627D /* Products */,
			);
			sourceTree = "<group>";
		};
		6C26E4E419EB058F002F627D /* Products */ = {
			isa = PBXGroup;
			children = (
				6C26E4E319EB058F002F627D /* Aerial-Flightplaning.app */,
				6C26E4FF19EB058F002F627D /* Aerial-FlightplaningTests.xctest */,
			);
			name = Products;
			sourceTree = "<group>";
		};
		6C26E4E519EB058F002F627D /* Aerial-Flightplaning */ = {
			isa = PBXGroup;
			children = (
				6686EED21A1ACC23007A2C7D /* LogInViewController.h */,
				6686EED31A1ACC24007A2C7D /* LogInViewController.m */,
				6C26E4EA19EB058F002F627D /* AppDelegate.h */,
				6C26E4EB19EB058F002F627D /* AppDelegate.m */,
				6C26E4ED19EB058F002F627D /* FirstViewController.h */,
				6C26E4EE19EB058F002F627D /* FirstViewController.m */,
				6C26E4F019EB058F002F627D /* SecondViewController.h */,
				6C26E4F119EB058F002F627D /* SecondViewController.m */,
				6C26E4F319EB058F002F627D /* Main.storyboard */,
				6C26E4F619EB058F002F627D /* Images.xcassets */,
				6C26E4F819EB058F002F627D /* LaunchScreen.xib */,
				6C6450B119F5178C002D67EE /* ThirdViewController.h */,
				6C6450B219F5178C002D67EE /* ThirdViewController.m */,
				6C867AB719FE726F00315F83 /* WeightandBalance.h */,
				6C867AB819FE726F00315F83 /* WeightandBalance.m */,
				6C867AD919FE809400315F83 /* GlobalState.h */,
				6C867ADA19FE809400315F83 /* GlobalState.m */,
				6C7206501A1A240600EF8FE5 /* HU300.h */,
				6C7206511A1A240600EF8FE5 /* HU300.m */,
				66D0E5D31A1AD796008ECE59 /* Social.framework */,
				66D0E5D11A1AD790008ECE59 /* AdSupport.framework */,
				66D0E5CF1A1AD788008ECE59 /* Accounts.framework */,
				6C867AD519FE743300315F83 /* Frameworks */,
				6C26E4E619EB058F002F627D /* Supporting Files */,
			);
			path = "Aerial-Flightplaning";
			sourceTree = "<group>";
		};
		6C26E4E619EB058F002F627D /* Supporting Files */ = {
			isa = PBXGroup;
			children = (
				6C26E4E719EB058F002F627D /* Info.plist */,
				6C26E4E819EB058F002F627D /* main.m */,
			);
			name = "Supporting Files";
			sourceTree = "<group>";
		};
		6C26E50219EB058F002F627D /* Aerial-FlightplaningTests */ = {
			isa = PBXGroup;
			children = (
				6C26E50519EB058F002F627D /* Aerial_FlightplaningTests.m */,
				6C26E50319EB058F002F627D /* Supporting Files */,
			);
			path = "Aerial-FlightplaningTests";
			sourceTree = "<group>";
		};
		6C26E50319EB058F002F627D /* Supporting Files */ = {
			isa = PBXGroup;
			children = (
				6C26E50419EB058F002F627D /* Info.plist */,
			);
			name = "Supporting Files";
			sourceTree = "<group>";
		};
		6C3320731A2C9C8B00E1C0FB /* Images */ = {
			isa = PBXGroup;
			children = (
				6C3320741A2C9C9A00E1C0FB /* Lunch.png */,
			);
			name = Images;
			sourceTree = "<group>";
		};
		6C867ABA19FE734400315F83 /* parse-library-1 */ = {
			isa = PBXGroup;
			children = (
				6C867ABB19FE734400315F83 /* Bolts.framework */,
				6C867ABC19FE734400315F83 /* Parse.framework */,
				6C867ABD19FE734400315F83 /* ParseFacebookUtils.framework */,
			);
			name = "parse-library-1";
			path = "Aerial-Flightplaning/parse-library-1";
			sourceTree = "<group>";
		};
		6C867AD519FE743300315F83 /* Frameworks */ = {
			isa = PBXGroup;
			children = (
				6C867ABA19FE734400315F83 /* parse-library-1 */,
				6C867AD319FE742A00315F83 /* SystemConfiguration.framework */,
				6C867AD119FE742000315F83 /* StoreKit.framework */,
				6C867ACF19FE741800315F83 /* Security.framework */,
				6C867ACD19FE741000315F83 /* QuartzCore.framework */,
				6C867ACB19FE740600315F83 /* MobileCoreServices.framework */,
				6C867AC919FE73FE00315F83 /* libz.dylib */,
				6C867AC719FE73ED00315F83 /* CoreLocation.framework */,
				6C867AC519FE73E300315F83 /* CoreGraphics.framework */,
				6C867AC319FE73DB00315F83 /* CFNetwork.framework */,
				6C867AC119FE73CF00315F83 /* AudioToolbox.framework */,
			);
			name = Frameworks;
			path = ..;
			sourceTree = "<group>";
		};
/* End PBXGroup section */

/* Begin PBXNativeTarget section */
		6C26E4E219EB058F002F627D /* Aerial-Flightplaning */ = {
			isa = PBXNativeTarget;
			buildConfigurationList = 6C26E50919EB058F002F627D /* Build configuration list for PBXNativeTarget "Aerial-Flightplaning" */;
			buildPhases = (
				6C26E4DF19EB058F002F627D /* Sources */,
				6C26E4E019EB058F002F627D /* Frameworks */,
				6C26E4E119EB058F002F627D /* Resources */,
			);
			buildRules = (
			);
			dependencies = (
			);
			name = "Aerial-Flightplaning";
			productName = "Aerial-Flightplaning";
			productReference = 6C26E4E319EB058F002F627D /* Aerial-Flightplaning.app */;
			productType = "com.apple.product-type.application";
		};
		6C26E4FE19EB058F002F627D /* Aerial-FlightplaningTests */ = {
			isa = PBXNativeTarget;
			buildConfigurationList = 6C26E50C19EB058F002F627D /* Build configuration list for PBXNativeTarget "Aerial-FlightplaningTests" */;
			buildPhases = (
				6C26E4FB19EB058F002F627D /* Sources */,
				6C26E4FC19EB058F002F627D /* Frameworks */,
				6C26E4FD19EB058F002F627D /* Resources */,
			);
			buildRules = (
			);
			dependencies = (
				6C26E50119EB058F002F627D /* PBXTargetDependency */,
			);
			name = "Aerial-FlightplaningTests";
			productName = "Aerial-FlightplaningTests";
			productReference = 6C26E4FF19EB058F002F627D /* Aerial-FlightplaningTests.xctest */;
			productType = "com.apple.product-type.bundle.unit-test";
		};
/* End PBXNativeTarget section */

/* Begin PBXProject section */
		6C26E4DB19EB058F002F627D /* Project object */ = {
			isa = PBXProject;
			attributes = {
				LastUpgradeCheck = 0600;
				ORGANIZATIONNAME = "Matthias Oberegger";
				TargetAttributes = {
					6C26E4E219EB058F002F627D = {
						CreatedOnToolsVersion = 6.0.1;
					};
					6C26E4FE19EB058F002F627D = {
						CreatedOnToolsVersion = 6.0.1;
						TestTargetID = 6C26E4E219EB058F002F627D;
					};
				};
			};
			buildConfigurationList = 6C26E4DE19EB058F002F627D /* Build configuration list for PBXProject "Aerial-Flightplaning" */;
			compatibilityVersion = "Xcode 3.2";
			developmentRegion = English;
			hasScannedForEncodings = 0;
			knownRegions = (
				en,
				Base,
			);
			mainGroup = 6C26E4DA19EB058F002F627D;
			productRefGroup = 6C26E4E419EB058F002F627D /* Products */;
			projectDirPath = "";
			projectRoot = "";
			targets = (
				6C26E4E219EB058F002F627D /* Aerial-Flightplaning */,
				6C26E4FE19EB058F002F627D /* Aerial-FlightplaningTests */,
			);
		};
/* End PBXProject section */

/* Begin PBXResourcesBuildPhase section */
		6C26E4E119EB058F002F627D /* Resources */ = {
			isa = PBXResourcesBuildPhase;
			buildActionMask = 2147483647;
			files = (
				6C26E4F519EB058F002F627D /* Main.storyboard in Resources */,
				6C26E4FA19EB058F002F627D /* LaunchScreen.xib in Resources */,
				6C3320751A2C9C9A00E1C0FB /* Lunch.png in Resources */,
				6C26E4F719EB058F002F627D /* Images.xcassets in Resources */,
			);
			runOnlyForDeploymentPostprocessing = 0;
		};
		6C26E4FD19EB058F002F627D /* Resources */ = {
			isa = PBXResourcesBuildPhase;
			buildActionMask = 2147483647;
			files = (
			);
			runOnlyForDeploymentPostprocessing = 0;
		};
/* End PBXResourcesBuildPhase section */

/* Begin PBXSourcesBuildPhase section */
		6C26E4DF19EB058F002F627D /* Sources */ = {
			isa = PBXSourcesBuildPhase;
			buildActionMask = 2147483647;
			files = (
				6C26E4F219EB058F002F627D /* SecondViewController.m in Sources */,
				6C6450B319F5178C002D67EE /* ThirdViewController.m in Sources */,
				6686EED41A1ACC24007A2C7D /* LogInViewController.m in Sources */,
				6C867ADB19FE809400315F83 /* GlobalState.m in Sources */,
				6C867AB919FE726F00315F83 /* WeightandBalance.m in Sources */,
				6C26E4EC19EB058F002F627D /* AppDelegate.m in Sources */,
				6C7206521A1A240600EF8FE5 /* HU300.m in Sources */,
				6C26E4EF19EB058F002F627D /* FirstViewController.m in Sources */,
				6C26E4E919EB058F002F627D /* main.m in Sources */,
			);
			runOnlyForDeploymentPostprocessing = 0;
		};
		6C26E4FB19EB058F002F627D /* Sources */ = {
			isa = PBXSourcesBuildPhase;
			buildActionMask = 2147483647;
			files = (
				6C26E50619EB058F002F627D /* Aerial_FlightplaningTests.m in Sources */,
			);
			runOnlyForDeploymentPostprocessing = 0;
		};
/* End PBXSourcesBuildPhase section */

/* Begin PBXTargetDependency section */
		6C26E50119EB058F002F627D /* PBXTargetDependency */ = {
			isa = PBXTargetDependency;
			target = 6C26E4E219EB058F002F627D /* Aerial-Flightplaning */;
			targetProxy = 6C26E50019EB058F002F627D /* PBXContainerItemProxy */;
		};
/* End PBXTargetDependency section */

/* Begin PBXVariantGroup section */
		6C26E4F319EB058F002F627D /* Main.storyboard */ = {
			isa = PBXVariantGroup;
			children = (
				6C26E4F419EB058F002F627D /* Base */,
			);
			name = Main.storyboard;
			sourceTree = "<group>";
		};
		6C26E4F819EB058F002F627D /* LaunchScreen.xib */ = {
			isa = PBXVariantGroup;
			children = (
				6C26E4F919EB058F002F627D /* Base */,
			);
			name = LaunchScreen.xib;
			sourceTree = "<group>";
		};
/* End PBXVariantGroup section */

/* Begin XCBuildConfiguration section */
		6C26E50719EB058F002F627D /* Debug */ = {
			isa = XCBuildConfiguration;
			buildSettings = {
				ALWAYS_SEARCH_USER_PATHS = NO;
				CLANG_CXX_LANGUAGE_STANDARD = "gnu++0x";
				CLANG_CXX_LIBRARY = "libc++";
				CLANG_ENABLE_MODULES = YES;
				CLANG_ENABLE_OBJC_ARC = YES;
				CLANG_WARN_BOOL_CONVERSION = YES;
				CLANG_WARN_CONSTANT_CONVERSION = YES;
				CLANG_WARN_DIRECT_OBJC_ISA_USAGE = YES_ERROR;
				CLANG_WARN_EMPTY_BODY = YES;
				CLANG_WARN_ENUM_CONVERSION = YES;
				CLANG_WARN_INT_CONVERSION = YES;
				CLANG_WARN_OBJC_ROOT_CLASS = YES_ERROR;
				CLANG_WARN_UNREACHABLE_CODE = YES;
				CLANG_WARN__DUPLICATE_METHOD_MATCH = YES;
				"CODE_SIGN_IDENTITY[sdk=iphoneos*]" = "iPhone Developer";
				COPY_PHASE_STRIP = NO;
				ENABLE_STRICT_OBJC_MSGSEND = YES;
				GCC_C_LANGUAGE_STANDARD = gnu99;
				GCC_DYNAMIC_NO_PIC = NO;
				GCC_OPTIMIZATION_LEVEL = 0;
				GCC_PREPROCESSOR_DEFINITIONS = (
					"DEBUG=1",
					"$(inherited)",
				);
				GCC_SYMBOLS_PRIVATE_EXTERN = NO;
				GCC_WARN_64_TO_32_BIT_CONVERSION = YES;
				GCC_WARN_ABOUT_RETURN_TYPE = YES_ERROR;
				GCC_WARN_UNDECLARED_SELECTOR = YES;
				GCC_WARN_UNINITIALIZED_AUTOS = YES_AGGRESSIVE;
				GCC_WARN_UNUSED_FUNCTION = YES;
				GCC_WARN_UNUSED_VARIABLE = YES;
				IPHONEOS_DEPLOYMENT_TARGET = 8.0;
				MTL_ENABLE_DEBUG_INFO = YES;
				ONLY_ACTIVE_ARCH = YES;
				SDKROOT = iphoneos;
				TARGETED_DEVICE_FAMILY = "1,2";
			};
			name = Debug;
		};
		6C26E50819EB058F002F627D /* Release */ = {
			isa = XCBuildConfiguration;
			buildSettings = {
				ALWAYS_SEARCH_USER_PATHS = NO;
				CLANG_CXX_LANGUAGE_STANDARD = "gnu++0x";
				CLANG_CXX_LIBRARY = "libc++";
				CLANG_ENABLE_MODULES = YES;
				CLANG_ENABLE_OBJC_ARC = YES;
				CLANG_WARN_BOOL_CONVERSION = YES;
				CLANG_WARN_CONSTANT_CONVERSION = YES;
				CLANG_WARN_DIRECT_OBJC_ISA_USAGE = YES_ERROR;
				CLANG_WARN_EMPTY_BODY = YES;
				CLANG_WARN_ENUM_CONVERSION = YES;
				CLANG_WARN_INT_CONVERSION = YES;
				CLANG_WARN_OBJC_ROOT_CLASS = YES_ERROR;
				CLANG_WARN_UNREACHABLE_CODE = YES;
				CLANG_WARN__DUPLICATE_METHOD_MATCH = YES;
				"CODE_SIGN_IDENTITY[sdk=iphoneos*]" = "iPhone Developer";
				COPY_PHASE_STRIP = YES;
				ENABLE_NS_ASSERTIONS = NO;
				ENABLE_STRICT_OBJC_MSGSEND = YES;
				GCC_C_LANGUAGE_STANDARD = gnu99;
				GCC_WARN_64_TO_32_BIT_CONVERSION = YES;
				GCC_WARN_ABOUT_RETURN_TYPE = YES_ERROR;
				GCC_WARN_UNDECLARED_SELECTOR = YES;
				GCC_WARN_UNINITIALIZED_AUTOS = YES_AGGRESSIVE;
				GCC_WARN_UNUSED_FUNCTION = YES;
				GCC_WARN_UNUSED_VARIABLE = YES;
				IPHONEOS_DEPLOYMENT_TARGET = 8.0;
				MTL_ENABLE_DEBUG_INFO = NO;
				SDKROOT = iphoneos;
				TARGETED_DEVICE_FAMILY = "1,2";
				VALIDATE_PRODUCT = YES;
			};
			name = Release;
		};
		6C26E50A19EB058F002F627D /* Debug */ = {
			isa = XCBuildConfiguration;
			buildSettings = {
				ASSETCATALOG_COMPILER_APPICON_NAME = AppIcon;
				FRAMEWORK_SEARCH_PATHS = (
					"$(inherited)",
					"$(PROJECT_DIR)/Aerial-Flightplaning/parse-library-1",
				);
				INFOPLIST_FILE = "Aerial-Flightplaning/Info.plist";
				LD_RUNPATH_SEARCH_PATHS = "$(inherited) @executable_path/Frameworks";
				PRODUCT_NAME = "$(TARGET_NAME)";
			};
			name = Debug;
		};
		6C26E50B19EB058F002F627D /* Release */ = {
			isa = XCBuildConfiguration;
			buildSettings = {
				ASSETCATALOG_COMPILER_APPICON_NAME = AppIcon;
				FRAMEWORK_SEARCH_PATHS = (
					"$(inherited)",
					"$(PROJECT_DIR)/Aerial-Flightplaning/parse-library-1",
				);
				INFOPLIST_FILE = "Aerial-Flightplaning/Info.plist";
				LD_RUNPATH_SEARCH_PATHS = "$(inherited) @executable_path/Frameworks";
				PRODUCT_NAME = "$(TARGET_NAME)";
			};
			name = Release;
		};
		6C26E50D19EB058F002F627D /* Debug */ = {
			isa = XCBuildConfiguration;
			buildSettings = {
				BUNDLE_LOADER = "$(TEST_HOST)";
				FRAMEWORK_SEARCH_PATHS = (
					"$(SDKROOT)/Developer/Library/Frameworks",
					"$(inherited)",
				);
				GCC_PREPROCESSOR_DEFINITIONS = (
					"DEBUG=1",
					"$(inherited)",
				);
				INFOPLIST_FILE = "Aerial-FlightplaningTests/Info.plist";
				LD_RUNPATH_SEARCH_PATHS = "$(inherited) @executable_path/Frameworks @loader_path/Frameworks";
				PRODUCT_NAME = "$(TARGET_NAME)";
				TEST_HOST = "$(BUILT_PRODUCTS_DIR)/Aerial-Flightplaning.app/Aerial-Flightplaning";
			};
			name = Debug;
		};
		6C26E50E19EB058F002F627D /* Release */ = {
			isa = XCBuildConfiguration;
			buildSettings = {
				BUNDLE_LOADER = "$(TEST_HOST)";
				FRAMEWORK_SEARCH_PATHS = (
					"$(SDKROOT)/Developer/Library/Frameworks",
					"$(inherited)",
				);
				INFOPLIST_FILE = "Aerial-FlightplaningTests/Info.plist";
				LD_RUNPATH_SEARCH_PATHS = "$(inherited) @executable_path/Frameworks @loader_path/Frameworks";
				PRODUCT_NAME = "$(TARGET_NAME)";
				TEST_HOST = "$(BUILT_PRODUCTS_DIR)/Aerial-Flightplaning.app/Aerial-Flightplaning";
			};
			name = Release;
		};
/* End XCBuildConfiguration section */

/* Begin XCConfigurationList section */
		6C26E4DE19EB058F002F627D /* Build configuration list for PBXProject "Aerial-Flightplaning" */ = {
			isa = XCConfigurationList;
			buildConfigurations = (
				6C26E50719EB058F002F627D /* Debug */,
				6C26E50819EB058F002F627D /* Release */,
			);
			defaultConfigurationIsVisible = 0;
			defaultConfigurationName = Release;
		};
		6C26E50919EB058F002F627D /* Build configuration list for PBXNativeTarget "Aerial-Flightplaning" */ = {
			isa = XCConfigurationList;
			buildConfigurations = (
				6C26E50A19EB058F002F627D /* Debug */,
				6C26E50B19EB058F002F627D /* Release */,
			);
			defaultConfigurationIsVisible = 0;
			defaultConfigurationName = Release;
		};
		6C26E50C19EB058F002F627D /* Build configuration list for PBXNativeTarget "Aerial-FlightplaningTests" */ = {
			isa = XCConfigurationList;
			buildConfigurations = (
				6C26E50D19EB058F002F627D /* Debug */,
				6C26E50E19EB058F002F627D /* Release */,
			);
			defaultConfigurationIsVisible = 0;
			defaultConfigurationName = Release;
		};
/* End XCConfigurationList section */
	};
	rootObject = 6C26E4DB19EB058F002F627D /* Project object */;
}
